
Microsoft Visual Studio Solution File, Format Version 12.00
# Visual Studio 14
VisualStudioVersion = 14.0.25420.1
MinimumVisualStudioVersion = 10.0.40219.1
Project("{FAE04EC0-301F-11D3-BF4B-00C04F79EFBC}") = "Naloga2", "Naloga1\Naloga2.csproj", "{70DEAFCC-C659-421A-8B83-2FA809D8E49E}"
EndProject
Project("{2150E333-8FDC-42A3-9474-1A3956D46DE8}") = "Solution Items", "Solution Items", "{865402DD-0267-4847-9FD2-3E7AB49847B7}"
EndProject
Global
	GlobalSection(SolutionConfigurationPlatforms) = preSolution
		Debug|Any CPU = Debug|Any CPU
		Release|Any CPU = Release|Any CPU
	EndGlobalSection
	GlobalSection(ProjectConfigurationPlatforms) = postSolution
		{70DEAFCC-C659-421A-8B83-2FA809D8E49E}.Debug|Any CPU.ActiveCfg = Debug|Any CPU
		{70DEAFCC-C659-421A-8B83-2FA809D8E49E}.Debug|Any CPU.Build.0 = Debug|Any CPU
		{70DEAFCC-C659-421A-8B83-2FA809D8E49E}.Release|Any CPU.ActiveCfg = Release|Any CPU
		{70DEAFCC-C659-421A-8B83-2FA809D8E49E}.Release|Any CPU.Build.0 = Release|Any CPU
	EndGlobalSection
	GlobalSection(SolutionProperties) = preSolution
		HideSolutionNode = FALSE
	EndGlobalSection
EndGlobal
